// !$*UTF8*$!
{
	archiveVersion = 1;
	classes = {
	};
	objectVersion = 46;
	objects = {

/* Begin PBXBuildFile section */
		D66A27611B54B0DE00748B22 /* VTScannerView.m in Sources */ = {isa = PBXBuildFile; fileRef = D66A27601B54B0DE00748B22 /* VTScannerView.m */; };
		D66A27641B54B14300748B22 /* VTMenuView.m in Sources */ = {isa = PBXBuildFile; fileRef = D66A27631B54B14300748B22 /* VTMenuView.m */; };
		D66A27661B54B76200748B22 /* qr_scan_line@2x.png in Resources */ = {isa = PBXBuildFile; fileRef = D66A27651B54B76200748B22 /* qr_scan_line@2x.png */; };
		D69B69E21B4BB5B90092AEB4 /* main.m in Sources */ = {isa = PBXBuildFile; fileRef = D69B69E11B4BB5B90092AEB4 /* main.m */; };
		D69B69E51B4BB5B90092AEB4 /* AppDelegate.m in Sources */ = {isa = PBXBuildFile; fileRef = D69B69E41B4BB5B90092AEB4 /* AppDelegate.m */; };
		D69B69E81B4BB5B90092AEB4 /* VTViewController.m in Sources */ = {isa = PBXBuildFile; fileRef = D69B69E71B4BB5B90092AEB4 /* VTViewController.m */; };
		D69B69ED1B4BB5B90092AEB4 /* Images.xcassets in Resources */ = {isa = PBXBuildFile; fileRef = D69B69EC1B4BB5B90092AEB4 /* Images.xcassets */; };
		D69B69FC1B4BB5B90092AEB4 /* CloudCashierTests.m in Sources */ = {isa = PBXBuildFile; fileRef = D69B69FB1B4BB5B90092AEB4 /* CloudCashierTests.m */; };
		D69B6A151B4BB9950092AEB4 /* CustomAlertView.m in Sources */ = {isa = PBXBuildFile; fileRef = D69B6A0B1B4BB9950092AEB4 /* CustomAlertView.m */; };
		D69B6A171B4BB9950092AEB4 /* PayEngine.m in Sources */ = {isa = PBXBuildFile; fileRef = D69B6A0F1B4BB9950092AEB4 /* PayEngine.m */; };
		D69B6A181B4BB9950092AEB4 /* Reachability.m in Sources */ = {isa = PBXBuildFile; fileRef = D69B6A121B4BB9950092AEB4 /* Reachability.m */; settings = {COMPILER_FLAGS = "-fno-objc-arc"; }; };
		D69B6A191B4BB9950092AEB4 /* SPostRequest.m in Sources */ = {isa = PBXBuildFile; fileRef = D69B6A141B4BB9950092AEB4 /* SPostRequest.m */; };
		D69B6A1C1B4BBAB00092AEB4 /* VTScannerViewController.m in Sources */ = {isa = PBXBuildFile; fileRef = D69B6A1B1B4BBAB00092AEB4 /* VTScannerViewController.m */; };
		D69B6A1F1B4BBBC00092AEB4 /* VTLRViewController.m in Sources */ = {isa = PBXBuildFile; fileRef = D69B6A1E1B4BBBC00092AEB4 /* VTLRViewController.m */; };
		D69B6A211B4BBC950092AEB4 /* icon.png in Resources */ = {isa = PBXBuildFile; fileRef = D69B6A201B4BBC950092AEB4 /* icon.png */; };
		D69B6A2E1B4E0D320092AEB4 /* right.png in Resources */ = {isa = PBXBuildFile; fileRef = D69B6A281B4E0D320092AEB4 /* right.png */; };
		D69B6A2F1B4E0D320092AEB4 /* right@2x.png in Resources */ = {isa = PBXBuildFile; fileRef = D69B6A291B4E0D320092AEB4 /* right@2x.png */; };
		D69B6A301B4E0D320092AEB4 /* right@3x.png in Resources */ = {isa = PBXBuildFile; fileRef = D69B6A2A1B4E0D320092AEB4 /* right@3x.png */; };
		D69B6A311B4E0D320092AEB4 /* wrong.png in Resources */ = {isa = PBXBuildFile; fileRef = D69B6A2B1B4E0D320092AEB4 /* wrong.png */; };
		D69B6A321B4E0D320092AEB4 /* wrong@2x.png in Resources */ = {isa = PBXBuildFile; fileRef = D69B6A2C1B4E0D320092AEB4 /* wrong@2x.png */; };
		D69B6A331B4E0D320092AEB4 /* wrong@3x.png in Resources */ = {isa = PBXBuildFile; fileRef = D69B6A2D1B4E0D320092AEB4 /* wrong@3x.png */; };
		D6D15A501B60900100FAE2CE /* alipay.png in Resources */ = {isa = PBXBuildFile; fileRef = D6D15A4D1B60900100FAE2CE /* alipay.png */; };
		D6D15A511B60900100FAE2CE /* alipay@2x.png in Resources */ = {isa = PBXBuildFile; fileRef = D6D15A4E1B60900100FAE2CE /* alipay@2x.png */; };
		D6D15A521B60900100FAE2CE /* alipay@3x.png in Resources */ = {isa = PBXBuildFile; fileRef = D6D15A4F1B60900100FAE2CE /* alipay@3x.png */; };
		D6D2B6191B58E98700561787 /* VTStartScannerViewController.m in Sources */ = {isa = PBXBuildFile; fileRef = D6D2B6181B58E98700561787 /* VTStartScannerViewController.m */; };
		D6D2B61C1B58EDB800561787 /* VTGenQRViewController.m in Sources */ = {isa = PBXBuildFile; fileRef = D6D2B61B1B58EDB700561787 /* VTGenQRViewController.m */; };
		D6D480721B55E55300CE5755 /* return.png in Resources */ = {isa = PBXBuildFile; fileRef = D6D4806F1B55E55300CE5755 /* return.png */; };
		D6D480731B55E55300CE5755 /* return@2x.png in Resources */ = {isa = PBXBuildFile; fileRef = D6D480701B55E55300CE5755 /* return@2x.png */; };
		D6D480741B55E55300CE5755 /* return@3x.png in Resources */ = {isa = PBXBuildFile; fileRef = D6D480711B55E55300CE5755 /* return@3x.png */; };
		D6D480761B55EEF500CE5755 /* 1.png in Resources */ = {isa = PBXBuildFile; fileRef = D6D480751B55EEF500CE5755 /* 1.png */; };
		D6D480781B55FF9100CE5755 /* 2.png in Resources */ = {isa = PBXBuildFile; fileRef = D6D480771B55FF9100CE5755 /* 2.png */; };
		D6D480831B588FBB00CE5755 /* londing.png in Resources */ = {isa = PBXBuildFile; fileRef = D6D480801B588FBB00CE5755 /* londing.png */; };
		D6D480841B588FBB00CE5755 /* londing@2x.png in Resources */ = {isa = PBXBuildFile; fileRef = D6D480811B588FBB00CE5755 /* londing@2x.png */; };
		D6D480851B588FBB00CE5755 /* londing@3x.png in Resources */ = {isa = PBXBuildFile; fileRef = D6D480821B588FBB00CE5755 /* londing@3x.png */; };
		D6D5DE7B1B5C820300A94A68 /* cloudCashiercloud in Resources */ = {isa = PBXBuildFile; fileRef = D6D5DE7A1B5C820200A94A68 /* cloudCashiercloud */; };
		D6D5DE831B5C83E100A94A68 /* BackInfoDelegate.m in Sources */ = {isa = PBXBuildFile; fileRef = D6D5DE7E1B5C83E100A94A68 /* BackInfoDelegate.m */; };
		D6D5DE841B5C83E100A94A68 /* CloudCashierAPI.m in Sources */ = {isa = PBXBuildFile; fileRef = D6D5DE801B5C83E100A94A68 /* CloudCashierAPI.m */; };
		D6D5DE8B1B5C84CD00A94A68 /* VTSHAAndMD5.m in Sources */ = {isa = PBXBuildFile; fileRef = D6D5DE8A1B5C84CD00A94A68 /* VTSHAAndMD5.m */; };
		D6D5DE8E1B5C84EB00A94A68 /* SocketNet.m in Sources */ = {isa = PBXBuildFile; fileRef = D6D5DE8D1B5C84EB00A94A68 /* SocketNet.m */; };
		D6D72A6B1B6F171900312E9F /* icon@2x.png in Resources */ = {isa = PBXBuildFile; fileRef = D6D72A691B6F171900312E9F /* icon@2x.png */; };
		D6D72A6C1B6F171900312E9F /* icon@3x.png in Resources */ = {isa = PBXBuildFile; fileRef = D6D72A6A1B6F171900312E9F /* icon@3x.png */; };
		D6E812791B5F476F00C63323 /* wechat.png in Resources */ = {isa = PBXBuildFile; fileRef = D6E812761B5F476F00C63323 /* wechat.png */; };
		D6E8127A1B5F476F00C63323 /* wechat@2x.png in Resources */ = {isa = PBXBuildFile; fileRef = D6E812771B5F476F00C63323 /* wechat@2x.png */; };
		D6E8127B1B5F476F00C63323 /* wechat@3x.png in Resources */ = {isa = PBXBuildFile; fileRef = D6E812781B5F476F00C63323 /* wechat@3x.png */; };
/* End PBXBuildFile section */

/* Begin PBXContainerItemProxy section */
		D69B69F61B4BB5B90092AEB4 /* PBXContainerItemProxy */ = {
			isa = PBXContainerItemProxy;
			containerPortal = D69B69D41B4BB5B80092AEB4 /* Project object */;
			proxyType = 1;
			remoteGlobalIDString = D69B69DB1B4BB5B90092AEB4;
			remoteInfo = CloudCashier;
		};
/* End PBXContainerItemProxy section */

/* Begin PBXFileReference section */
		D66A275F1B54B0DE00748B22 /* VTScannerView.h */ = {isa = PBXFileReference; fileEncoding = 4; lastKnownFileType = sourcecode.c.h; path = VTScannerView.h; sourceTree = "<group>"; };
		D66A27601B54B0DE00748B22 /* VTScannerView.m */ = {isa = PBXFileReference; fileEncoding = 4; lastKnownFileType = sourcecode.c.objc; path = VTScannerView.m; sourceTree = "<group>"; };
		D66A27621B54B14300748B22 /* VTMenuView.h */ = {isa = PBXFileReference; fileEncoding = 4; lastKnownFileType = sourcecode.c.h; path = VTMenuView.h; sourceTree = "<group>"; };
		D66A27631B54B14300748B22 /* VTMenuView.m */ = {isa = PBXFileReference; fileEncoding = 4; lastKnownFileType = sourcecode.c.objc; path = VTMenuView.m; sourceTree = "<group>"; };
		D66A27651B54B76200748B22 /* qr_scan_line@2x.png */ = {isa = PBXFileReference; lastKnownFileType = image.png; path = "qr_scan_line@2x.png"; sourceTree = "<group>"; };
		D69B69DC1B4BB5B90092AEB4 /* CloudCashier.app */ = {isa = PBXFileReference; explicitFileType = wrapper.application; includeInIndex = 0; path = CloudCashier.app; sourceTree = BUILT_PRODUCTS_DIR; };
		D69B69E01B4BB5B90092AEB4 /* Info.plist */ = {isa = PBXFileReference; lastKnownFileType = text.plist.xml; path = Info.plist; sourceTree = "<group>"; };
		D69B69E11B4BB5B90092AEB4 /* main.m */ = {isa = PBXFileReference; lastKnownFileType = sourcecode.c.objc; path = main.m; sourceTree = "<group>"; };
		D69B69E31B4BB5B90092AEB4 /* AppDelegate.h */ = {isa = PBXFileReference; lastKnownFileType = sourcecode.c.h; path = AppDelegate.h; sourceTree = "<group>"; };
		D69B69E41B4BB5B90092AEB4 /* AppDelegate.m */ = {isa = PBXFileReference; lastKnownFileType = sourcecode.c.objc; path = AppDelegate.m; sourceTree = "<group>"; };
		D69B69E61B4BB5B90092AEB4 /* VTViewController.h */ = {isa = PBXFileReference; lastKnownFileType = sourcecode.c.h; path = VTViewController.h; sourceTree = "<group>"; };
		D69B69E71B4BB5B90092AEB4 /* VTViewController.m */ = {isa = PBXFileReference; lastKnownFileType = sourcecode.c.objc; path = VTViewController.m; sourceTree = "<group>"; };
		D69B69EC1B4BB5B90092AEB4 /* Images.xcassets */ = {isa = PBXFileReference; lastKnownFileType = folder.assetcatalog; path = Images.xcassets; sourceTree = "<group>"; };
		D69B69F51B4BB5B90092AEB4 /* CloudCashierTests.xctest */ = {isa = PBXFileReference; explicitFileType = wrapper.cfbundle; includeInIndex = 0; path = CloudCashierTests.xctest; sourceTree = BUILT_PRODUCTS_DIR; };
		D69B69FA1B4BB5B90092AEB4 /* Info.plist */ = {isa = PBXFileReference; lastKnownFileType = text.plist.xml; path = Info.plist; sourceTree = "<group>"; };
		D69B69FB1B4BB5B90092AEB4 /* CloudCashierTests.m */ = {isa = PBXFileReference; lastKnownFileType = sourcecode.c.objc; path = CloudCashierTests.m; sourceTree = "<group>"; };
		D69B6A0A1B4BB9950092AEB4 /* CustomAlertView.h */ = {isa = PBXFileReference; fileEncoding = 4; lastKnownFileType = sourcecode.c.h; path = CustomAlertView.h; sourceTree = "<group>"; };
		D69B6A0B1B4BB9950092AEB4 /* CustomAlertView.m */ = {isa = PBXFileReference; fileEncoding = 4; lastKnownFileType = sourcecode.c.objc; path = CustomAlertView.m; sourceTree = "<group>"; };
		D69B6A0E1B4BB9950092AEB4 /* PayEngine.h */ = {isa = PBXFileReference; fileEncoding = 4; lastKnownFileType = sourcecode.c.h; path = PayEngine.h; sourceTree = "<group>"; };
		D69B6A0F1B4BB9950092AEB4 /* PayEngine.m */ = {isa = PBXFileReference; fileEncoding = 4; lastKnownFileType = sourcecode.c.objc; path = PayEngine.m; sourceTree = "<group>"; };
		D69B6A111B4BB9950092AEB4 /* Reachability.h */ = {isa = PBXFileReference; fileEncoding = 4; lastKnownFileType = sourcecode.c.h; path = Reachability.h; sourceTree = "<group>"; };
		D69B6A121B4BB9950092AEB4 /* Reachability.m */ = {isa = PBXFileReference; fileEncoding = 4; lastKnownFileType = sourcecode.c.objc; path = Reachability.m; sourceTree = "<group>"; };
		D69B6A131B4BB9950092AEB4 /* SPostRequest.h */ = {isa = PBXFileReference; fileEncoding = 4; lastKnownFileType = sourcecode.c.h; path = SPostRequest.h; sourceTree = "<group>"; };
		D69B6A141B4BB9950092AEB4 /* SPostRequest.m */ = {isa = PBXFileReference; fileEncoding = 4; lastKnownFileType = sourcecode.c.objc; path = SPostRequest.m; sourceTree = "<group>"; };
		D69B6A1A1B4BBAB00092AEB4 /* VTScannerViewController.h */ = {isa = PBXFileReference; fileEncoding = 4; lastKnownFileType = sourcecode.c.h; path = VTScannerViewController.h; sourceTree = "<group>"; };
		D69B6A1B1B4BBAB00092AEB4 /* VTScannerViewController.m */ = {isa = PBXFileReference; fileEncoding = 4; lastKnownFileType = sourcecode.c.objc; path = VTScannerViewController.m; sourceTree = "<group>"; };
		D69B6A1D1B4BBBC00092AEB4 /* VTLRViewController.h */ = {isa = PBXFileReference; fileEncoding = 4; lastKnownFileType = sourcecode.c.h; path = VTLRViewController.h; sourceTree = "<group>"; };
		D69B6A1E1B4BBBC00092AEB4 /* VTLRViewController.m */ = {isa = PBXFileReference; fileEncoding = 4; lastKnownFileType = sourcecode.c.objc; path = VTLRViewController.m; sourceTree = "<group>"; };
		D69B6A201B4BBC950092AEB4 /* icon.png */ = {isa = PBXFileReference; lastKnownFileType = image.png; path = icon.png; sourceTree = "<group>"; };
		D69B6A281B4E0D320092AEB4 /* right.png */ = {isa = PBXFileReference; lastKnownFileType = image.png; path = right.png; sourceTree = "<group>"; };
		D69B6A291B4E0D320092AEB4 /* right@2x.png */ = {isa = PBXFileReference; lastKnownFileType = image.png; path = "right@2x.png"; sourceTree = "<group>"; };
		D69B6A2A1B4E0D320092AEB4 /* right@3x.png */ = {isa = PBXFileReference; lastKnownFileType = image.png; path = "right@3x.png"; sourceTree = "<group>"; };
		D69B6A2B1B4E0D320092AEB4 /* wrong.png */ = {isa = PBXFileReference; lastKnownFileType = image.png; path = wrong.png; sourceTree = "<group>"; };
		D69B6A2C1B4E0D320092AEB4 /* wrong@2x.png */ = {isa = PBXFileReference; lastKnownFileType = image.png; path = "wrong@2x.png"; sourceTree = "<group>"; };
		D69B6A2D1B4E0D320092AEB4 /* wrong@3x.png */ = {isa = PBXFileReference; lastKnownFileType = image.png; path = "wrong@3x.png"; sourceTree = "<group>"; };
		D6D15A4D1B60900100FAE2CE /* alipay.png */ = {isa = PBXFileReference; lastKnownFileType = image.png; path = alipay.png; sourceTree = "<group>"; };
		D6D15A4E1B60900100FAE2CE /* alipay@2x.png */ = {isa = PBXFileReference; lastKnownFileType = image.png; path = "alipay@2x.png"; sourceTree = "<group>"; };
		D6D15A4F1B60900100FAE2CE /* alipay@3x.png */ = {isa = PBXFileReference; lastKnownFileType = image.png; path = "alipay@3x.png"; sourceTree = "<group>"; };
		D6D2B6171B58E98600561787 /* VTStartScannerViewController.h */ = {isa = PBXFileReference; fileEncoding = 4; lastKnownFileType = sourcecode.c.h; path = VTStartScannerViewController.h; sourceTree = "<group>"; };
		D6D2B6181B58E98700561787 /* VTStartScannerViewController.m */ = {isa = PBXFileReference; fileEncoding = 4; lastKnownFileType = sourcecode.c.objc; path = VTStartScannerViewController.m; sourceTree = "<group>"; };
		D6D2B61A1B58EDB700561787 /* VTGenQRViewController.h */ = {isa = PBXFileReference; fileEncoding = 4; lastKnownFileType = sourcecode.c.h; path = VTGenQRViewController.h; sourceTree = "<group>"; };
		D6D2B61B1B58EDB700561787 /* VTGenQRViewController.m */ = {isa = PBXFileReference; fileEncoding = 4; lastKnownFileType = sourcecode.c.objc; path = VTGenQRViewController.m; sourceTree = "<group>"; };
		D6D315581B61D0E00037BE71 /* SystemConfig.pch */ = {isa = PBXFileReference; lastKnownFileType = sourcecode.c.h; path = SystemConfig.pch; sourceTree = "<group>"; };
		D6D4806F1B55E55300CE5755 /* return.png */ = {isa = PBXFileReference; lastKnownFileType = image.png; path = return.png; sourceTree = "<group>"; };
		D6D480701B55E55300CE5755 /* return@2x.png */ = {isa = PBXFileReference; lastKnownFileType = image.png; path = "return@2x.png"; sourceTree = "<group>"; };
		D6D480711B55E55300CE5755 /* return@3x.png */ = {isa = PBXFileReference; lastKnownFileType = image.png; path = "return@3x.png"; sourceTree = "<group>"; };
		D6D480751B55EEF500CE5755 /* 1.png */ = {isa = PBXFileReference; lastKnownFileType = image.png; path = 1.png; sourceTree = "<group>"; };
		D6D480771B55FF9100CE5755 /* 2.png */ = {isa = PBXFileReference; lastKnownFileType = image.png; path = 2.png; sourceTree = "<group>"; };
		D6D480801B588FBB00CE5755 /* londing.png */ = {isa = PBXFileReference; lastKnownFileType = image.png; path = londing.png; sourceTree = "<group>"; };
		D6D480811B588FBB00CE5755 /* londing@2x.png */ = {isa = PBXFileReference; lastKnownFileType = image.png; path = "londing@2x.png"; sourceTree = "<group>"; };
		D6D480821B588FBB00CE5755 /* londing@3x.png */ = {isa = PBXFileReference; lastKnownFileType = image.png; path = "londing@3x.png"; sourceTree = "<group>"; };
		D6D5DE7A1B5C820200A94A68 /* cloudCashiercloud */ = {isa = PBXFileReference; lastKnownFileType = folder; path = cloudCashiercloud; sourceTree = "<group>"; };
		D6D5DE7D1B5C83E100A94A68 /* BackInfoDelegate.h */ = {isa = PBXFileReference; fileEncoding = 4; lastKnownFileType = sourcecode.c.h; path = BackInfoDelegate.h; sourceTree = "<group>"; };
		D6D5DE7E1B5C83E100A94A68 /* BackInfoDelegate.m */ = {isa = PBXFileReference; fileEncoding = 4; lastKnownFileType = sourcecode.c.objc; path = BackInfoDelegate.m; sourceTree = "<group>"; };
		D6D5DE7F1B5C83E100A94A68 /* CloudCashierAPI.h */ = {isa = PBXFileReference; fileEncoding = 4; lastKnownFileType = sourcecode.c.h; path = CloudCashierAPI.h; sourceTree = "<group>"; };
		D6D5DE801B5C83E100A94A68 /* CloudCashierAPI.m */ = {isa = PBXFileReference; fileEncoding = 4; lastKnownFileType = sourcecode.c.objc; path = CloudCashierAPI.m; sourceTree = "<group>"; };
		D6D5DE891B5C84CD00A94A68 /* VTSHAAndMD5.h */ = {isa = PBXFileReference; fileEncoding = 4; lastKnownFileType = sourcecode.c.h; path = VTSHAAndMD5.h; sourceTree = "<group>"; };
		D6D5DE8A1B5C84CD00A94A68 /* VTSHAAndMD5.m */ = {isa = PBXFileReference; fileEncoding = 4; lastKnownFileType = sourcecode.c.objc; path = VTSHAAndMD5.m; sourceTree = "<group>"; };
		D6D5DE8C1B5C84EB00A94A68 /* SocketNet.h */ = {isa = PBXFileReference; fileEncoding = 4; lastKnownFileType = sourcecode.c.h; path = SocketNet.h; sourceTree = "<group>"; };
		D6D5DE8D1B5C84EB00A94A68 /* SocketNet.m */ = {isa = PBXFileReference; fileEncoding = 4; lastKnownFileType = sourcecode.c.objc; path = SocketNet.m; sourceTree = "<group>"; };
		D6D72A691B6F171900312E9F /* icon@2x.png */ = {isa = PBXFileReference; lastKnownFileType = image.png; path = "icon@2x.png"; sourceTree = "<group>"; };
		D6D72A6A1B6F171900312E9F /* icon@3x.png */ = {isa = PBXFileReference; lastKnownFileType = image.png; path = "icon@3x.png"; sourceTree = "<group>"; };
		D6E812761B5F476F00C63323 /* wechat.png */ = {isa = PBXFileReference; lastKnownFileType = image.png; path = wechat.png; sourceTree = "<group>"; };
		D6E812771B5F476F00C63323 /* wechat@2x.png */ = {isa = PBXFileReference; lastKnownFileType = image.png; path = "wechat@2x.png"; sourceTree = "<group>"; };
		D6E812781B5F476F00C63323 /* wechat@3x.png */ = {isa = PBXFileReference; lastKnownFileType = image.png; path = "wechat@3x.png"; sourceTree = "<group>"; };
/* End PBXFileReference section */

/* Begin PBXFrameworksBuildPhase section */
		D69B69D91B4BB5B90092AEB4 /* Frameworks */ = {
			isa = PBXFrameworksBuildPhase;
			buildActionMask = 2147483647;
			files = (
			);
			runOnlyForDeploymentPostprocessing = 0;
		};
		D69B69F21B4BB5B90092AEB4 /* Frameworks */ = {
			isa = PBXFrameworksBuildPhase;
			buildActionMask = 2147483647;
			files = (
			);
			runOnlyForDeploymentPostprocessing = 0;
		};
/* End PBXFrameworksBuildPhase section */

/* Begin PBXGroup section */
		D66A275E1B54B09600748B22 /* ScannerView */ = {
			isa = PBXGroup;
			children = (
				D66A275F1B54B0DE00748B22 /* VTScannerView.h */,
				D66A27601B54B0DE00748B22 /* VTScannerView.m */,
				D66A27621B54B14300748B22 /* VTMenuView.h */,
				D66A27631B54B14300748B22 /* VTMenuView.m */,
			);
			name = ScannerView;
			sourceTree = "<group>";
		};
		D69B69D31B4BB5B80092AEB4 = {
			isa = PBXGroup;
			children = (
				D69B69DE1B4BB5B90092AEB4 /* CloudCashier */,
				D69B69F81B4BB5B90092AEB4 /* CloudCashierTests */,
				D69B69DD1B4BB5B90092AEB4 /* Products */,
			);
			sourceTree = "<group>";
		};
		D69B69DD1B4BB5B90092AEB4 /* Products */ = {
			isa = PBXGroup;
			children = (
				D69B69DC1B4BB5B90092AEB4 /* CloudCashier.app */,
				D69B69F51B4BB5B90092AEB4 /* CloudCashierTests.xctest */,
			);
			name = Products;
			sourceTree = "<group>";
		};
		D69B69DE1B4BB5B90092AEB4 /* CloudCashier */ = {
			isa = PBXGroup;
			children = (
				D6D5DE7A1B5C820200A94A68 /* cloudCashiercloud */,
				D6D5DE7C1B5C839800A94A68 /* libObject */,
				D69B6A091B4BB9480092AEB4 /* TOOL */,
				D69B69E31B4BB5B90092AEB4 /* AppDelegate.h */,
				D69B69E41B4BB5B90092AEB4 /* AppDelegate.m */,
				D69B69E61B4BB5B90092AEB4 /* VTViewController.h */,
				D69B69E71B4BB5B90092AEB4 /* VTViewController.m */,
				D69B6A1D1B4BBBC00092AEB4 /* VTLRViewController.h */,
				D69B6A1E1B4BBBC00092AEB4 /* VTLRViewController.m */,
				D69B6A1A1B4BBAB00092AEB4 /* VTScannerViewController.h */,
				D69B6A1B1B4BBAB00092AEB4 /* VTScannerViewController.m */,
				D6D2B6171B58E98600561787 /* VTStartScannerViewController.h */,
				D6D2B6181B58E98700561787 /* VTStartScannerViewController.m */,
				D6D2B61A1B58EDB700561787 /* VTGenQRViewController.h */,
				D6D2B61B1B58EDB700561787 /* VTGenQRViewController.m */,
				D66A275E1B54B09600748B22 /* ScannerView */,
				D69B69EC1B4BB5B90092AEB4 /* Images.xcassets */,
				D69B69DF1B4BB5B90092AEB4 /* Supporting Files */,
			);
			path = CloudCashier;
			sourceTree = "<group>";
		};
		D69B69DF1B4BB5B90092AEB4 /* Supporting Files */ = {
			isa = PBXGroup;
			children = (
				D69B6A571B4E17450092AEB4 /* imge */,
				D69B6A201B4BBC950092AEB4 /* icon.png */,
				D6D72A691B6F171900312E9F /* icon@2x.png */,
				D6D72A6A1B6F171900312E9F /* icon@3x.png */,
				D69B69E01B4BB5B90092AEB4 /* Info.plist */,
				D6D315581B61D0E00037BE71 /* SystemConfig.pch */,
				D69B69E11B4BB5B90092AEB4 /* main.m */,
			);
			name = "Supporting Files";
			sourceTree = "<group>";
		};
		D69B69F81B4BB5B90092AEB4 /* CloudCashierTests */ = {
			isa = PBXGroup;
			children = (
				D69B69FB1B4BB5B90092AEB4 /* CloudCashierTests.m */,
				D69B69F91B4BB5B90092AEB4 /* Supporting Files */,
			);
			path = CloudCashierTests;
			sourceTree = "<group>";
		};
		D69B69F91B4BB5B90092AEB4 /* Supporting Files */ = {
			isa = PBXGroup;
			children = (
				D69B69FA1B4BB5B90092AEB4 /* Info.plist */,
			);
			name = "Supporting Files";
			sourceTree = "<group>";
		};
		D69B6A091B4BB9480092AEB4 /* TOOL */ = {
			isa = PBXGroup;
			children = (
				D69B6A0A1B4BB9950092AEB4 /* CustomAlertView.h */,
				D69B6A0B1B4BB9950092AEB4 /* CustomAlertView.m */,
				D69B6A0E1B4BB9950092AEB4 /* PayEngine.h */,
				D69B6A0F1B4BB9950092AEB4 /* PayEngine.m */,
				D69B6A101B4BB9950092AEB4 /* Reachability */,
				D69B6A131B4BB9950092AEB4 /* SPostRequest.h */,
				D69B6A141B4BB9950092AEB4 /* SPostRequest.m */,
			);
			name = TOOL;
			sourceTree = "<group>";
		};
		D69B6A101B4BB9950092AEB4 /* Reachability */ = {
			isa = PBXGroup;
			children = (
				D69B6A111B4BB9950092AEB4 /* Reachability.h */,
				D69B6A121B4BB9950092AEB4 /* Reachability.m */,
			);
			path = Reachability;
			sourceTree = "<group>";
		};
		D69B6A571B4E17450092AEB4 /* imge */ = {
			isa = PBXGroup;
			children = (
				D6D15A4D1B60900100FAE2CE /* alipay.png */,
				D6D15A4E1B60900100FAE2CE /* alipay@2x.png */,
				D6D15A4F1B60900100FAE2CE /* alipay@3x.png */,
				D6E812761B5F476F00C63323 /* wechat.png */,
				D6E812771B5F476F00C63323 /* wechat@2x.png */,
				D6E812781B5F476F00C63323 /* wechat@3x.png */,
				D6D480801B588FBB00CE5755 /* londing.png */,
				D6D480811B588FBB00CE5755 /* londing@2x.png */,
				D6D480821B588FBB00CE5755 /* londing@3x.png */,
				D6D480771B55FF9100CE5755 /* 2.png */,
				D6D480751B55EEF500CE5755 /* 1.png */,
				D66A27651B54B76200748B22 /* qr_scan_line@2x.png */,
				D69B6A281B4E0D320092AEB4 /* right.png */,
				D69B6A291B4E0D320092AEB4 /* right@2x.png */,
				D69B6A2A1B4E0D320092AEB4 /* right@3x.png */,
				D69B6A2B1B4E0D320092AEB4 /* wrong.png */,
				D69B6A2C1B4E0D320092AEB4 /* wrong@2x.png */,
				D69B6A2D1B4E0D320092AEB4 /* wrong@3x.png */,
				D6D4806F1B55E55300CE5755 /* return.png */,
				D6D480701B55E55300CE5755 /* return@2x.png */,
				D6D480711B55E55300CE5755 /* return@3x.png */,
			);
			name = imge;
			sourceTree = "<group>";
		};
		D6D5DE7C1B5C839800A94A68 /* libObject */ = {
			isa = PBXGroup;
			children = (
				D6D5DE7D1B5C83E100A94A68 /* BackInfoDelegate.h */,
				D6D5DE7E1B5C83E100A94A68 /* BackInfoDelegate.m */,
				D6D5DE7F1B5C83E100A94A68 /* CloudCashierAPI.h */,
				D6D5DE801B5C83E100A94A68 /* CloudCashierAPI.m */,
				D6D5DE891B5C84CD00A94A68 /* VTSHAAndMD5.h */,
				D6D5DE8A1B5C84CD00A94A68 /* VTSHAAndMD5.m */,
				D6D5DE8C1B5C84EB00A94A68 /* SocketNet.h */,
				D6D5DE8D1B5C84EB00A94A68 /* SocketNet.m */,
			);
			name = libObject;
			sourceTree = "<group>";
		};
/* End PBXGroup section */

/* Begin PBXNativeTarget section */
		D69B69DB1B4BB5B90092AEB4 /* CloudCashier */ = {
			isa = PBXNativeTarget;
			buildConfigurationList = D69B69FF1B4BB5B90092AEB4 /* Build configuration list for PBXNativeTarget "CloudCashier" */;
			buildPhases = (
				D69B69D81B4BB5B90092AEB4 /* Sources */,
				D69B69D91B4BB5B90092AEB4 /* Frameworks */,
				D69B69DA1B4BB5B90092AEB4 /* Resources */,
			);
			buildRules = (
			);
			dependencies = (
			);
			name = CloudCashier;
			productName = CloudCashier;
			productReference = D69B69DC1B4BB5B90092AEB4 /* CloudCashier.app */;
			productType = "com.apple.product-type.application";
		};
		D69B69F41B4BB5B90092AEB4 /* CloudCashierTests */ = {
			isa = PBXNativeTarget;
			buildConfigurationList = D69B6A021B4BB5B90092AEB4 /* Build configuration list for PBXNativeTarget "CloudCashierTests" */;
			buildPhases = (
				D69B69F11B4BB5B90092AEB4 /* Sources */,
				D69B69F21B4BB5B90092AEB4 /* Frameworks */,
				D69B69F31B4BB5B90092AEB4 /* Resources */,
			);
			buildRules = (
			);
			dependencies = (
				D69B69F71B4BB5B90092AEB4 /* PBXTargetDependency */,
			);
			name = CloudCashierTests;
			productName = CloudCashierTests;
			productReference = D69B69F51B4BB5B90092AEB4 /* CloudCashierTests.xctest */;
			productType = "com.apple.product-type.bundle.unit-test";
		};
/* End PBXNativeTarget section */

/* Begin PBXProject section */
		D69B69D41B4BB5B80092AEB4 /* Project object */ = {
			isa = PBXProject;
			attributes = {
				LastUpgradeCheck = 0640;
				ORGANIZATIONNAME = __VTPayment__;
				TargetAttributes = {
					D69B69DB1B4BB5B90092AEB4 = {
						CreatedOnToolsVersion = 6.4;
						DevelopmentTeam = 2VKY6QPH98;
					};
					D69B69F41B4BB5B90092AEB4 = {
						CreatedOnToolsVersion = 6.4;
						TestTargetID = D69B69DB1B4BB5B90092AEB4;
					};
				};
			};
			buildConfigurationList = D69B69D71B4BB5B80092AEB4 /* Build configuration list for PBXProject "CloudCashier" */;
			compatibilityVersion = "Xcode 3.2";
			developmentRegion = English;
			hasScannedForEncodings = 0;
			knownRegions = (
				en,
				Base,
			);
			mainGroup = D69B69D31B4BB5B80092AEB4;
			productRefGroup = D69B69DD1B4BB5B90092AEB4 /* Products */;
			projectDirPath = "";
			projectRoot = "";
			targets = (
				D69B69DB1B4BB5B90092AEB4 /* CloudCashier */,
				D69B69F41B4BB5B90092AEB4 /* CloudCashierTests */,
			);
		};
/* End PBXProject section */

/* Begin PBXResourcesBuildPhase section */
		D69B69DA1B4BB5B90092AEB4 /* Resources */ = {
			isa = PBXResourcesBuildPhase;
			buildActionMask = 2147483647;
			files = (
				D6E8127B1B5F476F00C63323 /* wechat@3x.png in Resources */,
				D69B6A321B4E0D320092AEB4 /* wrong@2x.png in Resources */,
				D66A27661B54B76200748B22 /* qr_scan_line@2x.png in Resources */,
				D6D15A521B60900100FAE2CE /* alipay@3x.png in Resources */,
				D6D5DE7B1B5C820300A94A68 /* cloudCashiercloud in Resources */,
				D69B6A301B4E0D320092AEB4 /* right@3x.png in Resources */,
				D69B6A2E1B4E0D320092AEB4 /* right.png in Resources */,
				D69B69ED1B4BB5B90092AEB4 /* Images.xcassets in Resources */,
				D6D72A6C1B6F171900312E9F /* icon@3x.png in Resources */,
				D6D480731B55E55300CE5755 /* return@2x.png in Resources */,
				D69B6A2F1B4E0D320092AEB4 /* right@2x.png in Resources */,
				D6D15A501B60900100FAE2CE /* alipay.png in Resources */,
				D69B6A311B4E0D320092AEB4 /* wrong.png in Resources */,
				D6D480831B588FBB00CE5755 /* londing.png in Resources */,
				D6D480741B55E55300CE5755 /* return@3x.png in Resources */,
				D6D480841B588FBB00CE5755 /* londing@2x.png in Resources */,
				D6E812791B5F476F00C63323 /* wechat.png in Resources */,
				D69B6A331B4E0D320092AEB4 /* wrong@3x.png in Resources */,
				D6E8127A1B5F476F00C63323 /* wechat@2x.png in Resources */,
				D69B6A211B4BBC950092AEB4 /* icon.png in Resources */,
				D6D480781B55FF9100CE5755 /* 2.png in Resources */,
				D6D480721B55E55300CE5755 /* return.png in Resources */,
				D6D480761B55EEF500CE5755 /* 1.png in Resources */,
				D6D15A511B60900100FAE2CE /* alipay@2x.png in Resources */,
				D6D480851B588FBB00CE5755 /* londing@3x.png in Resources */,
				D6D72A6B1B6F171900312E9F /* icon@2x.png in Resources */,
			);
			runOnlyForDeploymentPostprocessing = 0;
		};
		D69B69F31B4BB5B90092AEB4 /* Resources */ = {
			isa = PBXResourcesBuildPhase;
			buildActionMask = 2147483647;
			files = (
			);
			runOnlyForDeploymentPostprocessing = 0;
		};
/* End PBXResourcesBuildPhase section */

/* Begin PBXSourcesBuildPhase section */
		D69B69D81B4BB5B90092AEB4 /* Sources */ = {
			isa = PBXSourcesBuildPhase;
			buildActionMask = 2147483647;
			files = (
				D66A27641B54B14300748B22 /* VTMenuView.m in Sources */,
				D6D5DE8B1B5C84CD00A94A68 /* VTSHAAndMD5.m in Sources */,
				D69B6A1F1B4BBBC00092AEB4 /* VTLRViewController.m in Sources */,
				D6D2B6191B58E98700561787 /* VTStartScannerViewController.m in Sources */,
				D69B6A171B4BB9950092AEB4 /* PayEngine.m in Sources */,
				D69B69E81B4BB5B90092AEB4 /* VTViewController.m in Sources */,
				D69B6A191B4BB9950092AEB4 /* SPostRequest.m in Sources */,
				D69B6A181B4BB9950092AEB4 /* Reachability.m in Sources */,
				D6D2B61C1B58EDB800561787 /* VTGenQRViewController.m in Sources */,
				D6D5DE831B5C83E100A94A68 /* BackInfoDelegate.m in Sources */,
				D69B6A1C1B4BBAB00092AEB4 /* VTScannerViewController.m in Sources */,
				D69B69E51B4BB5B90092AEB4 /* AppDelegate.m in Sources */,
				D6D5DE841B5C83E100A94A68 /* CloudCashierAPI.m in Sources */,
				D6D5DE8E1B5C84EB00A94A68 /* SocketNet.m in Sources */,
				D69B6A151B4BB9950092AEB4 /* CustomAlertView.m in Sources */,
				D69B69E21B4BB5B90092AEB4 /* main.m in Sources */,
				D66A27611B54B0DE00748B22 /* VTScannerView.m in Sources */,
			);
			runOnlyForDeploymentPostprocessing = 0;
		};
		D69B69F11B4BB5B90092AEB4 /* Sources */ = {
			isa = PBXSourcesBuildPhase;
			buildActionMask = 2147483647;
			files = (
				D69B69FC1B4BB5B90092AEB4 /* CloudCashierTests.m in Sources */,
			);
			runOnlyForDeploymentPostprocessing = 0;
		};
/* End PBXSourcesBuildPhase section */

/* Begin PBXTargetDependency section */
		D69B69F71B4BB5B90092AEB4 /* PBXTargetDependency */ = {
			isa = PBXTargetDependency;
			target = D69B69DB1B4BB5B90092AEB4 /* CloudCashier */;
			targetProxy = D69B69F61B4BB5B90092AEB4 /* PBXContainerItemProxy */;
		};
/* End PBXTargetDependency section */

/* Begin XCBuildConfiguration section */
		D69B69FD1B4BB5B90092AEB4 /* Debug */ = {
			isa = XCBuildConfiguration;
			buildSettings = {
				ALWAYS_SEARCH_USER_PATHS = NO;
				CLANG_CXX_LANGUAGE_STANDARD = "gnu++0x";
				CLANG_CXX_LIBRARY = "libc++";
				CLANG_ENABLE_MODULES = YES;
				CLANG_ENABLE_OBJC_ARC = YES;
				CLANG_WARN_BOOL_CONVERSION = YES;
				CLANG_WARN_CONSTANT_CONVERSION = YES;
				CLANG_WARN_DIRECT_OBJC_ISA_USAGE = YES_ERROR;
				CLANG_WARN_EMPTY_BODY = YES;
				CLANG_WARN_ENUM_CONVERSION = YES;
				CLANG_WARN_INT_CONVERSION = YES;
				CLANG_WARN_OBJC_ROOT_CLASS = YES_ERROR;
				CLANG_WARN_UNREACHABLE_CODE = YES;
				CLANG_WARN__DUPLICATE_METHOD_MATCH = YES;
				"CODE_SIGN_IDENTITY[sdk=iphoneos*]" = "iPhone Developer";
				COPY_PHASE_STRIP = NO;
				DEBUG_INFORMATION_FORMAT = "dwarf-with-dsym";
				ENABLE_STRICT_OBJC_MSGSEND = YES;
				GCC_C_LANGUAGE_STANDARD = gnu99;
				GCC_DYNAMIC_NO_PIC = NO;
				GCC_NO_COMMON_BLOCKS = YES;
				GCC_OPTIMIZATION_LEVEL = 0;
				GCC_PREPROCESSOR_DEFINITIONS = (
					"DEBUG=1",
					"$(inherited)",
				);
				GCC_SYMBOLS_PRIVATE_EXTERN = NO;
				GCC_WARN_64_TO_32_BIT_CONVERSION = YES;
				GCC_WARN_ABOUT_RETURN_TYPE = YES_ERROR;
				GCC_WARN_UNDECLARED_SELECTOR = YES;
				GCC_WARN_UNINITIALIZED_AUTOS = YES_AGGRESSIVE;
				GCC_WARN_UNUSED_FUNCTION = YES;
				GCC_WARN_UNUSED_VARIABLE = YES;
				IPHONEOS_DEPLOYMENT_TARGET = 8.4;
				MTL_ENABLE_DEBUG_INFO = YES;
				ONLY_ACTIVE_ARCH = YES;
				SDKROOT = iphoneos;
			};
			name = Debug;
		};
		D69B69FE1B4BB5B90092AEB4 /* Release */ = {
			isa = XCBuildConfiguration;
			buildSettings = {
				ALWAYS_SEARCH_USER_PATHS = NO;
				CLANG_CXX_LANGUAGE_STANDARD = "gnu++0x";
				CLANG_CXX_LIBRARY = "libc++";
				CLANG_ENABLE_MODULES = YES;
				CLANG_ENABLE_OBJC_ARC = YES;
				CLANG_WARN_BOOL_CONVERSION = YES;
				CLANG_WARN_CONSTANT_CONVERSION = YES;
				CLANG_WARN_DIRECT_OBJC_ISA_USAGE = YES_ERROR;
				CLANG_WARN_EMPTY_BODY = YES;
				CLANG_WARN_ENUM_CONVERSION = YES;
				CLANG_WARN_INT_CONVERSION = YES;
				CLANG_WARN_OBJC_ROOT_CLASS = YES_ERROR;
				CLANG_WARN_UNREACHABLE_CODE = YES;
				CLANG_WARN__DUPLICATE_METHOD_MATCH = YES;
				"CODE_SIGN_IDENTITY[sdk=iphoneos*]" = "iPhone Developer";
				COPY_PHASE_STRIP = NO;
				DEBUG_INFORMATION_FORMAT = "dwarf-with-dsym";
				ENABLE_NS_ASSERTIONS = NO;
				ENABLE_STRICT_OBJC_MSGSEND = YES;
				GCC_C_LANGUAGE_STANDARD = gnu99;
				GCC_NO_COMMON_BLOCKS = YES;
				GCC_WARN_64_TO_32_BIT_CONVERSION = YES;
				GCC_WARN_ABOUT_RETURN_TYPE = YES_ERROR;
				GCC_WARN_UNDECLARED_SELECTOR = YES;
				GCC_WARN_UNINITIALIZED_AUTOS = YES_AGGRESSIVE;
				GCC_WARN_UNUSED_FUNCTION = YES;
				GCC_WARN_UNUSED_VARIABLE = YES;
				IPHONEOS_DEPLOYMENT_TARGET = 8.4;
				MTL_ENABLE_DEBUG_INFO = NO;
				SDKROOT = iphoneos;
				VALIDATE_PRODUCT = YES;
			};
			name = Release;
		};
		D69B6A001B4BB5B90092AEB4 /* Debug */ = {
			isa = XCBuildConfiguration;
			buildSettings = {
				ASSETCATALOG_COMPILER_APPICON_NAME = AppIcon;
				ASSETCATALOG_COMPILER_LAUNCHIMAGE_NAME = LaunchImage;
				CODE_SIGN_IDENTITY = "iPhone Developer";
				"CODE_SIGN_IDENTITY[sdk=iphoneos*]" = "iPhone Developer";
				GCC_PRECOMPILE_PREFIX_HEADER = YES;
				GCC_PREFIX_HEADER = "$(SRCROOT)/CloudCashier/SystemConfig.pch";
				INFOPLIST_FILE = CloudCashier/Info.plist;
				IPHONEOS_DEPLOYMENT_TARGET = 7.0;
				LD_RUNPATH_SEARCH_PATHS = "$(inherited) @executable_path/Frameworks";
				PRODUCT_NAME = "$(TARGET_NAME)";
				PROVISIONING_PROFILE = "";
			};
			name = Debug;
		};
		D69B6A011B4BB5B90092AEB4 /* Release */ = {
			isa = XCBuildConfiguration;
			buildSettings = {
				ASSETCATALOG_COMPILER_APPICON_NAME = AppIcon;
				ASSETCATALOG_COMPILER_LAUNCHIMAGE_NAME = LaunchImage;
				CODE_SIGN_IDENTITY = "iPhone Developer";
				"CODE_SIGN_IDENTITY[sdk=iphoneos*]" = "iPhone Developer";
				GCC_PRECOMPILE_PREFIX_HEADER = YES;
				GCC_PREFIX_HEADER = "$(SRCROOT)/CloudCashier/SystemConfig.pch";
				INFOPLIST_FILE = CloudCashier/Info.plist;
				IPHONEOS_DEPLOYMENT_TARGET = 7.0;
				LD_RUNPATH_SEARCH_PATHS = "$(inherited) @executable_path/Frameworks";
				PRODUCT_NAME = "$(TARGET_NAME)";
				PROVISIONING_PROFILE = "";
			};
			name = Release;
		};
		D69B6A031B4BB5B90092AEB4 /* Debug */ = {
			isa = XCBuildConfiguration;
			buildSettings = {
				BUNDLE_LOADER = "$(TEST_HOST)";
				FRAMEWORK_SEARCH_PATHS = (
					"$(SDKROOT)/Developer/Library/Frameworks",
					"$(inherited)",
				);
				GCC_PREPROCESSOR_DEFINITIONS = (
					"DEBUG=1",
					"$(inherited)",
				);
				INFOPLIST_FILE = CloudCashierTests/Info.plist;
				LD_RUNPATH_SEARCH_PATHS = "$(inherited) @executable_path/Frameworks @loader_path/Frameworks";
				PRODUCT_NAME = "$(TARGET_NAME)";
				TEST_HOST = "$(BUILT_PRODUCTS_DIR)/CloudCashier.app/CloudCashier";
			};
			name = Debug;
		};
		D69B6A041B4BB5B90092AEB4 /* Release */ = {
			isa = XCBuildConfiguration;
			buildSettings = {
				BUNDLE_LOADER = "$(TEST_HOST)";
				FRAMEWORK_SEARCH_PATHS = (
					"$(SDKROOT)/Developer/Library/Frameworks",
					"$(inherited)",
				);
				INFOPLIST_FILE = CloudCashierTests/Info.plist;
				LD_RUNPATH_SEARCH_PATHS = "$(inherited) @executable_path/Frameworks @loader_path/Frameworks";
				PRODUCT_NAME = "$(TARGET_NAME)";
				TEST_HOST = "$(BUILT_PRODUCTS_DIR)/CloudCashier.app/CloudCashier";
			};
			name = Release;
		};
/* End XCBuildConfiguration section */

/* Begin XCConfigurationList section */
		D69B69D71B4BB5B80092AEB4 /* Build configuration list for PBXProject "CloudCashier" */ = {
			isa = XCConfigurationList;
			buildConfigurations = (
				D69B69FD1B4BB5B90092AEB4 /* Debug */,
				D69B69FE1B4BB5B90092AEB4 /* Release */,
			);
			defaultConfigurationIsVisible = 0;
			defaultConfigurationName = Release;
		};
		D69B69FF1B4BB5B90092AEB4 /* Build configuration list for PBXNativeTarget "CloudCashier" */ = {
			isa = XCConfigurationList;
			buildConfigurations = (
				D69B6A001B4BB5B90092AEB4 /* Debug */,
				D69B6A011B4BB5B90092AEB4 /* Release */,
			);
			defaultConfigurationIsVisible = 0;
			defaultConfigurationName = Release;
		};
		D69B6A021B4BB5B90092AEB4 /* Build configuration list for PBXNativeTarget "CloudCashierTests" */ = {
			isa = XCConfigurationList;
			buildConfigurations = (
				D69B6A031B4BB5B90092AEB4 /* Debug */,
				D69B6A041B4BB5B90092AEB4 /* Release */,
			);
			defaultConfigurationIsVisible = 0;
			defaultConfigurationName = Release;
		};
/* End XCConfigurationList section */
	};
	rootObject = D69B69D41B4BB5B80092AEB4 /* Project object */;
}
